
Microsoft Visual Studio Solution File, Format Version 12.00
# Visual Studio Version 17
VisualStudioVersion = 17.9.34714.143
MinimumVisualStudioVersion = 10.0.40219.1
Project("{FAE04EC0-301F-11D3-BF4B-00C04F79EFBC}") = "RiceProject4", "RiceProject4\RiceProject4.csproj", "{F70B5B0B-78B4-4BCE-AE1F-2DBD2F6E681C}"
EndProject
Global
	GlobalSection(SolutionConfigurationPlatforms) = preSolution
		Debug|Any CPU = Debug|Any CPU
		Release|Any CPU = Release|Any CPU
	EndGlobalSection
	GlobalSection(ProjectConfigurationPlatforms) = postSolution
		{F70B5B0B-78B4-4BCE-AE1F-2DBD2F6E681C}.Debug|Any CPU.ActiveCfg = Debug|Any CPU
		{F70B5B0B-78B4-4BCE-AE1F-2DBD2F6E681C}.Debug|Any CPU.Build.0 = Debug|Any CPU
		{F70B5B0B-78B4-4BCE-AE1F-2DBD2F6E681C}.Release|Any CPU.ActiveCfg = Release|Any CPU
		{F70B5B0B-78B4-4BCE-AE1F-2DBD2F6E681C}.Release|Any CPU.Build.0 = Release|Any CPU
	EndGlobalSection
	GlobalSection(SolutionProperties) = preSolution
		HideSolutionNode = FALSE
	EndGlobalSection
	GlobalSection(ExtensibilityGlobals) = postSolution
		SolutionGuid = {6D365761-960D-452E-B591-377505EDD109}
	EndGlobalSection
EndGlobal
